
Microsoft Visual Studio Solution File, Format Version 12.00
# Visual Studio 15
Project("{FAE04EC0-301F-11D3-BF4B-00C04F79EFBC}") = "spritz.runtime", "spritz.runtime.csproj", "{B04288CE-9A8A-314E-5C8C-C080289B1CD1}"
EndProject
Project("{FAE04EC0-301F-11D3-BF4B-00C04F79EFBC}") = "Assembly-CSharp", "Assembly-CSharp.csproj", "{1FB8B3D5-FB5A-AE1B-4624-02ED17B44D0A}"
EndProject
Project("{FAE04EC0-301F-11D3-BF4B-00C04F79EFBC}") = "spritz", "spritz.csproj", "{648655F6-6E7F-BF0D-23BA-2CD4DDA7E3E1}"
EndProject
Global
	GlobalSection(SolutionConfigurationPlatforms) = preSolution
		Debug|Any CPU = Debug|Any CPU
		Release|Any CPU = Release|Any CPU
	EndGlobalSection
	GlobalSection(ProjectConfigurationPlatforms) = postSolution
		{B04288CE-9A8A-314E-5C8C-C080289B1CD1}.Debug|Any CPU.ActiveCfg = Debug|Any CPU
		{B04288CE-9A8A-314E-5C8C-C080289B1CD1}.Debug|Any CPU.Build.0 = Debug|Any CPU
		{B04288CE-9A8A-314E-5C8C-C080289B1CD1}.Release|Any CPU.ActiveCfg = Release|Any CPU
		{B04288CE-9A8A-314E-5C8C-C080289B1CD1}.Release|Any CPU.Build.0 = Release|Any CPU
		{1FB8B3D5-FB5A-AE1B-4624-02ED17B44D0A}.Debug|Any CPU.ActiveCfg = Debug|Any CPU
		{1FB8B3D5-FB5A-AE1B-4624-02ED17B44D0A}.Debug|Any CPU.Build.0 = Debug|Any CPU
		{1FB8B3D5-FB5A-AE1B-4624-02ED17B44D0A}.Release|Any CPU.ActiveCfg = Release|Any CPU
		{1FB8B3D5-FB5A-AE1B-4624-02ED17B44D0A}.Release|Any CPU.Build.0 = Release|Any CPU
		{648655F6-6E7F-BF0D-23BA-2CD4DDA7E3E1}.Debug|Any CPU.ActiveCfg = Debug|Any CPU
		{648655F6-6E7F-BF0D-23BA-2CD4DDA7E3E1}.Debug|Any CPU.Build.0 = Debug|Any CPU
		{648655F6-6E7F-BF0D-23BA-2CD4DDA7E3E1}.Release|Any CPU.ActiveCfg = Release|Any CPU
		{648655F6-6E7F-BF0D-23BA-2CD4DDA7E3E1}.Release|Any CPU.Build.0 = Release|Any CPU
	EndGlobalSection
	GlobalSection(SolutionProperties) = preSolution
		HideSolutionNode = FALSE
	EndGlobalSection
EndGlobal
